dependencies:
- name: front
  repository: file://charts/front
  version: 0.1.0
- name: account
  repository: file://charts/account
  version: 0.1.0
- name: cash
  repository: file://charts/cash
  version: 0.1.0
- name: transfer
  repository: file://charts/transfer
  version: 0.1.0
- name: notification
  repository: file://charts/notification
  version: 0.1.0
- name: postgresql
  repository: https://charts.bitnami.com/bitnami
  version: 18.5.14
- name: keycloak
  repository: https://charts.bitnami.com/bitnami
  version: 25.2.0
- name: kafka
  repository: https://helm-charts.itboon.top/kafka
  version: 18.0.1
digest: sha256:7c0600f921111002abedb880f232f65957eb609f683bfeb70f0d17cac4be9a9c
generated: "2026-04-01T23:31:38.808533+03:00"
